// !$*UTF8*$!
{
	archiveVersion = 1;
	classes = {
	};
	objectVersion = 56;
	objects = {

/* Begin PBXBuildFile section */
		CFDEC1552C7D6A9F00FDF3E4 /* LibgenesisApp.swift in Sources */ = {isa = PBXBuildFile; fileRef = CFDEC1542C7D6A9F00FDF3E4 /* LibgenesisApp.swift */; };
		CFDEC1572C7D6A9F00FDF3E4 /* ContentView.swift in Sources */ = {isa = PBXBuildFile; fileRef = CFDEC1562C7D6A9F00FDF3E4 /* ContentView.swift */; };
		CFDEC1592C7D6AA000FDF3E4 /* Assets.xcassets in Resources */ = {isa = PBXBuildFile; fileRef = CFDEC1582C7D6AA000FDF3E4 /* Assets.xcassets */; };
		CFDEC15D2C7D6AA000FDF3E4 /* Preview Assets.xcassets in Resources */ = {isa = PBXBuildFile; fileRef = CFDEC15C2C7D6AA000FDF3E4 /* Preview Assets.xcassets */; };
		CFDEC1642C7D6EB600FDF3E4 /* ServerMirror.swift in Sources */ = {isa = PBXBuildFile; fileRef = CFDEC1632C7D6EB600FDF3E4 /* ServerMirror.swift */; };
		CFDEC1662C7D722100FDF3E4 /* APIService.swift in Sources */ = {isa = PBXBuildFile; fileRef = CFDEC1652C7D722100FDF3E4 /* APIService.swift */; };
		CFFCB4B62C897B2600996675 /* LibgenAPI.swift in Sources */ = {isa = PBXBuildFile; fileRef = CFFCB4B52C897B2600996675 /* LibgenAPI.swift */; };
		CFFCB4B92C89814B00996675 /* SwiftSoup in Frameworks */ = {isa = PBXBuildFile; productRef = CFFCB4B82C89814B00996675 /* SwiftSoup */; };
		CFFCB4BC2C89815B00996675 /* Kingfisher in Frameworks */ = {isa = PBXBuildFile; productRef = CFFCB4BB2C89815B00996675 /* Kingfisher */; };
		CFFCB4BF2C89989D00996675 /* BookModel.swift in Sources */ = {isa = PBXBuildFile; fileRef = CFFCB4BE2C89989D00996675 /* BookModel.swift */; };
		CFFCB4C12C89A1FA00996675 /* BookDetailsView.swift in Sources */ = {isa = PBXBuildFile; fileRef = CFFCB4C02C89A1FA00996675 /* BookDetailsView.swift */; };
		CFFCB4C32C89B53200996675 /* DownloadListView.swift in Sources */ = {isa = PBXBuildFile; fileRef = CFFCB4C22C89B53200996675 /* DownloadListView.swift */; };
		CFFCB4C52C89B70700996675 /* Downloader.swift in Sources */ = {isa = PBXBuildFile; fileRef = CFFCB4C42C89B70700996675 /* Downloader.swift */; };
/* End PBXBuildFile section */

/* Begin PBXFileReference section */
		CFDEC1512C7D6A9F00FDF3E4 /* Libgenesis.app */ = {isa = PBXFileReference; explicitFileType = wrapper.application; includeInIndex = 0; path = Libgenesis.app; sourceTree = BUILT_PRODUCTS_DIR; };
		CFDEC1542C7D6A9F00FDF3E4 /* LibgenesisApp.swift */ = {isa = PBXFileReference; lastKnownFileType = sourcecode.swift; path = LibgenesisApp.swift; sourceTree = "<group>"; };
		CFDEC1562C7D6A9F00FDF3E4 /* ContentView.swift */ = {isa = PBXFileReference; lastKnownFileType = sourcecode.swift; path = ContentView.swift; sourceTree = "<group>"; };
		CFDEC1582C7D6AA000FDF3E4 /* Assets.xcassets */ = {isa = PBXFileReference; lastKnownFileType = folder.assetcatalog; path = Assets.xcassets; sourceTree = "<group>"; };
		CFDEC15A2C7D6AA000FDF3E4 /* Libgenesis.entitlements */ = {isa = PBXFileReference; lastKnownFileType = text.plist.entitlements; path = Libgenesis.entitlements; sourceTree = "<group>"; };
		CFDEC15C2C7D6AA000FDF3E4 /* Preview Assets.xcassets */ = {isa = PBXFileReference; lastKnownFileType = folder.assetcatalog; path = "Preview Assets.xcassets"; sourceTree = "<group>"; };
		CFDEC1632C7D6EB600FDF3E4 /* ServerMirror.swift */ = {isa = PBXFileReference; lastKnownFileType = sourcecode.swift; path = ServerMirror.swift; sourceTree = "<group>"; };
		CFDEC1652C7D722100FDF3E4 /* APIService.swift */ = {isa = PBXFileReference; lastKnownFileType = sourcecode.swift; path = APIService.swift; sourceTree = "<group>"; };
		CFE297792C8A8F58007C403A /* Info.plist */ = {isa = PBXFileReference; lastKnownFileType = text.plist; path = Info.plist; sourceTree = "<group>"; };
		CFFCB4B52C897B2600996675 /* LibgenAPI.swift */ = {isa = PBXFileReference; lastKnownFileType = sourcecode.swift; path = LibgenAPI.swift; sourceTree = "<group>"; };
		CFFCB4BE2C89989D00996675 /* BookModel.swift */ = {isa = PBXFileReference; lastKnownFileType = sourcecode.swift; path = BookModel.swift; sourceTree = "<group>"; };
		CFFCB4C02C89A1FA00996675 /* BookDetailsView.swift */ = {isa = PBXFileReference; lastKnownFileType = sourcecode.swift; path = BookDetailsView.swift; sourceTree = "<group>"; };
		CFFCB4C22C89B53200996675 /* DownloadListView.swift */ = {isa = PBXFileReference; lastKnownFileType = sourcecode.swift; path = DownloadListView.swift; sourceTree = "<group>"; };
		CFFCB4C42C89B70700996675 /* Downloader.swift */ = {isa = PBXFileReference; lastKnownFileType = sourcecode.swift; path = Downloader.swift; sourceTree = "<group>"; };
/* End PBXFileReference section */

/* Begin PBXFrameworksBuildPhase section */
		CFDEC14E2C7D6A9F00FDF3E4 /* Frameworks */ = {
			isa = PBXFrameworksBuildPhase;
			buildActionMask = 2147483647;
			files = (
				CFFCB4BC2C89815B00996675 /* Kingfisher in Frameworks */,
				CFFCB4B92C89814B00996675 /* SwiftSoup in Frameworks */,
			);
			runOnlyForDeploymentPostprocessing = 0;
		};
/* End PBXFrameworksBuildPhase section */

/* Begin PBXGroup section */
		CFDEC1482C7D6A9E00FDF3E4 = {
			isa = PBXGroup;
			children = (
				CFDEC1532C7D6A9F00FDF3E4 /* Libgenesis */,
				CFDEC1522C7D6A9F00FDF3E4 /* Products */,
			);
			sourceTree = "<group>";
		};
		CFDEC1522C7D6A9F00FDF3E4 /* Products */ = {
			isa = PBXGroup;
			children = (
				CFDEC1512C7D6A9F00FDF3E4 /* Libgenesis.app */,
			);
			name = Products;
			sourceTree = "<group>";
		};
		CFDEC1532C7D6A9F00FDF3E4 /* Libgenesis */ = {
			isa = PBXGroup;
			children = (
				CFE297792C8A8F58007C403A /* Info.plist */,
				CFFCB4BD2C89988D00996675 /* Models */,
				CFDEC1542C7D6A9F00FDF3E4 /* LibgenesisApp.swift */,
				CFDEC1562C7D6A9F00FDF3E4 /* ContentView.swift */,
				CFDEC1652C7D722100FDF3E4 /* APIService.swift */,
				CFDEC1632C7D6EB600FDF3E4 /* ServerMirror.swift */,
				CFFCB4B52C897B2600996675 /* LibgenAPI.swift */,
				CFFCB4C02C89A1FA00996675 /* BookDetailsView.swift */,
				CFDEC1582C7D6AA000FDF3E4 /* Assets.xcassets */,
				CFDEC15A2C7D6AA000FDF3E4 /* Libgenesis.entitlements */,
				CFDEC15B2C7D6AA000FDF3E4 /* Preview Content */,
				CFFCB4C22C89B53200996675 /* DownloadListView.swift */,
			);
			path = Libgenesis;
			sourceTree = "<group>";
		};
		CFDEC15B2C7D6AA000FDF3E4 /* Preview Content */ = {
			isa = PBXGroup;
			children = (
				CFDEC15C2C7D6AA000FDF3E4 /* Preview Assets.xcassets */,
			);
			path = "Preview Content";
			sourceTree = "<group>";
		};
		CFFCB4BD2C89988D00996675 /* Models */ = {
			isa = PBXGroup;
			children = (
				CFFCB4BE2C89989D00996675 /* BookModel.swift */,
				CFFCB4C42C89B70700996675 /* Downloader.swift */,
			);
			path = Models;
			sourceTree = "<group>";
		};
/* End PBXGroup section */

/* Begin PBXNativeTarget section */
		CFDEC1502C7D6A9F00FDF3E4 /* Libgenesis */ = {
			isa = PBXNativeTarget;
			buildConfigurationList = CFDEC1602C7D6AA000FDF3E4 /* Build configuration list for PBXNativeTarget "Libgenesis" */;
			buildPhases = (
				CFDEC14D2C7D6A9F00FDF3E4 /* Sources */,
				CFDEC14E2C7D6A9F00FDF3E4 /* Frameworks */,
				CFDEC14F2C7D6A9F00FDF3E4 /* Resources */,
			);
			buildRules = (
			);
			dependencies = (
			);
			name = Libgenesis;
			packageProductDependencies = (
				CFFCB4B82C89814B00996675 /* SwiftSoup */,
				CFFCB4BB2C89815B00996675 /* Kingfisher */,
			);
			productName = Libgenesis;
			productReference = CFDEC1512C7D6A9F00FDF3E4 /* Libgenesis.app */;
			productType = "com.apple.product-type.application";
		};
/* End PBXNativeTarget section */

/* Begin PBXProject section */
		CFDEC1492C7D6A9E00FDF3E4 /* Project object */ = {
			isa = PBXProject;
			attributes = {
				BuildIndependentTargetsInParallel = 1;
				LastSwiftUpdateCheck = 1430;
				LastUpgradeCheck = 1430;
				TargetAttributes = {
					CFDEC1502C7D6A9F00FDF3E4 = {
						CreatedOnToolsVersion = 14.3.1;
					};
				};
			};
			buildConfigurationList = CFDEC14C2C7D6A9E00FDF3E4 /* Build configuration list for PBXProject "Libgenesis" */;
			compatibilityVersion = "Xcode 14.0";
			developmentRegion = en;
			hasScannedForEncodings = 0;
			knownRegions = (
				en,
				Base,
			);
			mainGroup = CFDEC1482C7D6A9E00FDF3E4;
			packageReferences = (
				CFFCB4B72C89814B00996675 /* XCRemoteSwiftPackageReference "SwiftSoup" */,
				CFFCB4BA2C89815B00996675 /* XCRemoteSwiftPackageReference "Kingfisher" */,
			);
			productRefGroup = CFDEC1522C7D6A9F00FDF3E4 /* Products */;
			projectDirPath = "";
			projectRoot = "";
			targets = (
				CFDEC1502C7D6A9F00FDF3E4 /* Libgenesis */,
			);
		};
/* End PBXProject section */

/* Begin PBXResourcesBuildPhase section */
		CFDEC14F2C7D6A9F00FDF3E4 /* Resources */ = {
			isa = PBXResourcesBuildPhase;
			buildActionMask = 2147483647;
			files = (
				CFDEC15D2C7D6AA000FDF3E4 /* Preview Assets.xcassets in Resources */,
				CFDEC1592C7D6AA000FDF3E4 /* Assets.xcassets in Resources */,
			);
			runOnlyForDeploymentPostprocessing = 0;
		};
/* End PBXResourcesBuildPhase section */

/* Begin PBXSourcesBuildPhase section */
		CFDEC14D2C7D6A9F00FDF3E4 /* Sources */ = {
			isa = PBXSourcesBuildPhase;
			buildActionMask = 2147483647;
			files = (
				CFFCB4C32C89B53200996675 /* DownloadListView.swift in Sources */,
				CFFCB4BF2C89989D00996675 /* BookModel.swift in Sources */,
				CFFCB4C12C89A1FA00996675 /* BookDetailsView.swift in Sources */,
				CFDEC1572C7D6A9F00FDF3E4 /* ContentView.swift in Sources */,
				CFFCB4B62C897B2600996675 /* LibgenAPI.swift in Sources */,
				CFFCB4C52C89B70700996675 /* Downloader.swift in Sources */,
				CFDEC1552C7D6A9F00FDF3E4 /* LibgenesisApp.swift in Sources */,
				CFDEC1662C7D722100FDF3E4 /* APIService.swift in Sources */,
				CFDEC1642C7D6EB600FDF3E4 /* ServerMirror.swift in Sources */,
			);
			runOnlyForDeploymentPostprocessing = 0;
		};
/* End PBXSourcesBuildPhase section */

/* Begin XCBuildConfiguration section */
		CFDEC15E2C7D6AA000FDF3E4 /* Debug */ = {
			isa = XCBuildConfiguration;
			buildSettings = {
				ALWAYS_SEARCH_USER_PATHS = NO;
				CLANG_ANALYZER_NONNULL = YES;
				CLANG_ANALYZER_NUMBER_OBJECT_CONVERSION = YES_AGGRESSIVE;
				CLANG_CXX_LANGUAGE_STANDARD = "gnu++20";
				CLANG_ENABLE_MODULES = YES;
				CLANG_ENABLE_OBJC_ARC = YES;
				CLANG_ENABLE_OBJC_WEAK = YES;
				CLANG_WARN_BLOCK_CAPTURE_AUTORELEASING = YES;
				CLANG_WARN_BOOL_CONVERSION = YES;
				CLANG_WARN_COMMA = YES;
				CLANG_WARN_CONSTANT_CONVERSION = YES;
				CLANG_WARN_DEPRECATED_OBJC_IMPLEMENTATIONS = YES;
				CLANG_WARN_DIRECT_OBJC_ISA_USAGE = YES_ERROR;
				CLANG_WARN_DOCUMENTATION_COMMENTS = YES;
				CLANG_WARN_EMPTY_BODY = YES;
				CLANG_WARN_ENUM_CONVERSION = YES;
				CLANG_WARN_INFINITE_RECURSION = YES;
				CLANG_WARN_INT_CONVERSION = YES;
				CLANG_WARN_NON_LITERAL_NULL_CONVERSION = YES;
				CLANG_WARN_OBJC_IMPLICIT_RETAIN_SELF = YES;
				CLANG_WARN_OBJC_LITERAL_CONVERSION = YES;
				CLANG_WARN_OBJC_ROOT_CLASS = YES_ERROR;
				CLANG_WARN_QUOTED_INCLUDE_IN_FRAMEWORK_HEADER = YES;
				CLANG_WARN_RANGE_LOOP_ANALYSIS = YES;
				CLANG_WARN_STRICT_PROTOTYPES = YES;
				CLANG_WARN_SUSPICIOUS_MOVE = YES;
				CLANG_WARN_UNGUARDED_AVAILABILITY = YES_AGGRESSIVE;
				CLANG_WARN_UNREACHABLE_CODE = YES;
				CLANG_WARN__DUPLICATE_METHOD_MATCH = YES;
				COPY_PHASE_STRIP = NO;
				DEBUG_INFORMATION_FORMAT = dwarf;
				ENABLE_STRICT_OBJC_MSGSEND = YES;
				ENABLE_TESTABILITY = YES;
				GCC_C_LANGUAGE_STANDARD = gnu11;
				GCC_DYNAMIC_NO_PIC = NO;
				GCC_NO_COMMON_BLOCKS = YES;
				GCC_OPTIMIZATION_LEVEL = 0;
				GCC_PREPROCESSOR_DEFINITIONS = (
					"DEBUG=1",
					"$(inherited)",
				);
				GCC_WARN_64_TO_32_BIT_CONVERSION = YES;
				GCC_WARN_ABOUT_RETURN_TYPE = YES_ERROR;
				GCC_WARN_UNDECLARED_SELECTOR = YES;
				GCC_WARN_UNINITIALIZED_AUTOS = YES_AGGRESSIVE;
				GCC_WARN_UNUSED_FUNCTION = YES;
				GCC_WARN_UNUSED_VARIABLE = YES;
				MTL_ENABLE_DEBUG_INFO = INCLUDE_SOURCE;
				MTL_FAST_MATH = YES;
				ONLY_ACTIVE_ARCH = YES;
				SWIFT_ACTIVE_COMPILATION_CONDITIONS = DEBUG;
				SWIFT_OPTIMIZATION_LEVEL = "-Onone";
			};
			name = Debug;
		};
		CFDEC15F2C7D6AA000FDF3E4 /* Release */ = {
			isa = XCBuildConfiguration;
			buildSettings = {
				ALWAYS_SEARCH_USER_PATHS = NO;
				CLANG_ANALYZER_NONNULL = YES;
				CLANG_ANALYZER_NUMBER_OBJECT_CONVERSION = YES_AGGRESSIVE;
				CLANG_CXX_LANGUAGE_STANDARD = "gnu++20";
				CLANG_ENABLE_MODULES = YES;
				CLANG_ENABLE_OBJC_ARC = YES;
				CLANG_ENABLE_OBJC_WEAK = YES;
				CLANG_WARN_BLOCK_CAPTURE_AUTORELEASING = YES;
				CLANG_WARN_BOOL_CONVERSION = YES;
				CLANG_WARN_COMMA = YES;
				CLANG_WARN_CONSTANT_CONVERSION = YES;
				CLANG_WARN_DEPRECATED_OBJC_IMPLEMENTATIONS = YES;
				CLANG_WARN_DIRECT_OBJC_ISA_USAGE = YES_ERROR;
				CLANG_WARN_DOCUMENTATION_COMMENTS = YES;
				CLANG_WARN_EMPTY_BODY = YES;
				CLANG_WARN_ENUM_CONVERSION = YES;
				CLANG_WARN_INFINITE_RECURSION = YES;
				CLANG_WARN_INT_CONVERSION = YES;
				CLANG_WARN_NON_LITERAL_NULL_CONVERSION = YES;
				CLANG_WARN_OBJC_IMPLICIT_RETAIN_SELF = YES;
				CLANG_WARN_OBJC_LITERAL_CONVERSION = YES;
				CLANG_WARN_OBJC_ROOT_CLASS = YES_ERROR;
				CLANG_WARN_QUOTED_INCLUDE_IN_FRAMEWORK_HEADER = YES;
				CLANG_WARN_RANGE_LOOP_ANALYSIS = YES;
				CLANG_WARN_STRICT_PROTOTYPES = YES;
				CLANG_WARN_SUSPICIOUS_MOVE = YES;
				CLANG_WARN_UNGUARDED_AVAILABILITY = YES_AGGRESSIVE;
				CLANG_WARN_UNREACHABLE_CODE = YES;
				CLANG_WARN__DUPLICATE_METHOD_MATCH = YES;
				COPY_PHASE_STRIP = NO;
				DEBUG_INFORMATION_FORMAT = "dwarf-with-dsym";
				ENABLE_NS_ASSERTIONS = NO;
				ENABLE_STRICT_OBJC_MSGSEND = YES;
				GCC_C_LANGUAGE_STANDARD = gnu11;
				GCC_NO_COMMON_BLOCKS = YES;
				GCC_WARN_64_TO_32_BIT_CONVERSION = YES;
				GCC_WARN_ABOUT_RETURN_TYPE = YES_ERROR;
				GCC_WARN_UNDECLARED_SELECTOR = YES;
				GCC_WARN_UNINITIALIZED_AUTOS = YES_AGGRESSIVE;
				GCC_WARN_UNUSED_FUNCTION = YES;
				GCC_WARN_UNUSED_VARIABLE = YES;
				MTL_ENABLE_DEBUG_INFO = NO;
				MTL_FAST_MATH = YES;
				SWIFT_COMPILATION_MODE = wholemodule;
				SWIFT_OPTIMIZATION_LEVEL = "-O";
			};
			name = Release;
		};
		CFDEC1612C7D6AA000FDF3E4 /* Debug */ = {
			isa = XCBuildConfiguration;
			buildSettings = {
				ASSETCATALOG_COMPILER_APPICON_NAME = AppIcon;
				ASSETCATALOG_COMPILER_GLOBAL_ACCENT_COLOR_NAME = AccentColor;
				CODE_SIGN_ENTITLEMENTS = Libgenesis/Libgenesis.entitlements;
				CODE_SIGN_STYLE = Automatic;
				CURRENT_PROJECT_VERSION = 1;
				DEVELOPMENT_ASSET_PATHS = "\"Libgenesis/Preview Content\"";
				DEVELOPMENT_TEAM = GY29NY469M;
				ENABLE_HARDENED_RUNTIME = YES;
				ENABLE_PREVIEWS = YES;
				GENERATE_INFOPLIST_FILE = YES;
				INFOPLIST_FILE = Libgenesis/Info.plist;
				"INFOPLIST_KEY_UIApplicationSceneManifest_Generation[sdk=iphoneos*]" = YES;
				"INFOPLIST_KEY_UIApplicationSceneManifest_Generation[sdk=iphonesimulator*]" = YES;
				"INFOPLIST_KEY_UIApplicationSupportsIndirectInputEvents[sdk=iphoneos*]" = YES;
				"INFOPLIST_KEY_UIApplicationSupportsIndirectInputEvents[sdk=iphonesimulator*]" = YES;
				"INFOPLIST_KEY_UILaunchScreen_Generation[sdk=iphoneos*]" = YES;
				"INFOPLIST_KEY_UILaunchScreen_Generation[sdk=iphonesimulator*]" = YES;
				"INFOPLIST_KEY_UIStatusBarStyle[sdk=iphoneos*]" = UIStatusBarStyleDefault;
				"INFOPLIST_KEY_UIStatusBarStyle[sdk=iphonesimulator*]" = UIStatusBarStyleDefault;
				INFOPLIST_KEY_UISupportedInterfaceOrientations_iPad = "UIInterfaceOrientationPortrait UIInterfaceOrientationPortraitUpsideDown UIInterfaceOrientationLandscapeLeft UIInterfaceOrientationLandscapeRight";
				INFOPLIST_KEY_UISupportedInterfaceOrientations_iPhone = "UIInterfaceOrientationPortrait UIInterfaceOrientationLandscapeLeft UIInterfaceOrientationLandscapeRight";
				IPHONEOS_DEPLOYMENT_TARGET = 16.4;
				LD_RUNPATH_SEARCH_PATHS = "@executable_path/Frameworks";
				"LD_RUNPATH_SEARCH_PATHS[sdk=macosx*]" = "@executable_path/../Frameworks";
				MACOSX_DEPLOYMENT_TARGET = 13.3;
				MARKETING_VERSION = 1.0;
				PRODUCT_BUNDLE_IDENTIFIER = Paramecium.Libgenesis;
				PRODUCT_NAME = "$(TARGET_NAME)";
				SDKROOT = auto;
				SUPPORTED_PLATFORMS = "iphoneos iphonesimulator macosx";
				SWIFT_EMIT_LOC_STRINGS = YES;
				SWIFT_VERSION = 5.0;
				TARGETED_DEVICE_FAMILY = "1,2";
			};
			name = Debug;
		};
		CFDEC1622C7D6AA000FDF3E4 /* Release */ = {
			isa = XCBuildConfiguration;
			buildSettings = {
				ASSETCATALOG_COMPILER_APPICON_NAME = AppIcon;
				ASSETCATALOG_COMPILER_GLOBAL_ACCENT_COLOR_NAME = AccentColor;
				CODE_SIGN_ENTITLEMENTS = Libgenesis/Libgenesis.entitlements;
				CODE_SIGN_STYLE = Automatic;
				CURRENT_PROJECT_VERSION = 1;
				DEVELOPMENT_ASSET_PATHS = "\"Libgenesis/Preview Content\"";
				DEVELOPMENT_TEAM = GY29NY469M;
				ENABLE_HARDENED_RUNTIME = YES;
				ENABLE_PREVIEWS = YES;
				GENERATE_INFOPLIST_FILE = YES;
				INFOPLIST_FILE = Libgenesis/Info.plist;
				"INFOPLIST_KEY_UIApplicationSceneManifest_Generation[sdk=iphoneos*]" = YES;
				"INFOPLIST_KEY_UIApplicationSceneManifest_Generation[sdk=iphonesimulator*]" = YES;
				"INFOPLIST_KEY_UIApplicationSupportsIndirectInputEvents[sdk=iphoneos*]" = YES;
				"INFOPLIST_KEY_UIApplicationSupportsIndirectInputEvents[sdk=iphonesimulator*]" = YES;
				"INFOPLIST_KEY_UILaunchScreen_Generation[sdk=iphoneos*]" = YES;
				"INFOPLIST_KEY_UILaunchScreen_Generation[sdk=iphonesimulator*]" = YES;
				"INFOPLIST_KEY_UIStatusBarStyle[sdk=iphoneos*]" = UIStatusBarStyleDefault;
				"INFOPLIST_KEY_UIStatusBarStyle[sdk=iphonesimulator*]" = UIStatusBarStyleDefault;
				INFOPLIST_KEY_UISupportedInterfaceOrientations_iPad = "UIInterfaceOrientationPortrait UIInterfaceOrientationPortraitUpsideDown UIInterfaceOrientationLandscapeLeft UIInterfaceOrientationLandscapeRight";
				INFOPLIST_KEY_UISupportedInterfaceOrientations_iPhone = "UIInterfaceOrientationPortrait UIInterfaceOrientationLandscapeLeft UIInterfaceOrientationLandscapeRight";
				IPHONEOS_DEPLOYMENT_TARGET = 16.4;
				LD_RUNPATH_SEARCH_PATHS = "@executable_path/Frameworks";
				"LD_RUNPATH_SEARCH_PATHS[sdk=macosx*]" = "@executable_path/../Frameworks";
				MACOSX_DEPLOYMENT_TARGET = 13.3;
				MARKETING_VERSION = 1.0;
				PRODUCT_BUNDLE_IDENTIFIER = Paramecium.Libgenesis;
				PRODUCT_NAME = "$(TARGET_NAME)";
				SDKROOT = auto;
				SUPPORTED_PLATFORMS = "iphoneos iphonesimulator macosx";
				SWIFT_EMIT_LOC_STRINGS = YES;
				SWIFT_VERSION = 5.0;
				TARGETED_DEVICE_FAMILY = "1,2";
			};
			name = Release;
		};
/* End XCBuildConfiguration section */

/* Begin XCConfigurationList section */
		CFDEC14C2C7D6A9E00FDF3E4 /* Build configuration list for PBXProject "Libgenesis" */ = {
			isa = XCConfigurationList;
			buildConfigurations = (
				CFDEC15E2C7D6AA000FDF3E4 /* Debug */,
				CFDEC15F2C7D6AA000FDF3E4 /* Release */,
			);
			defaultConfigurationIsVisible = 0;
			defaultConfigurationName = Release;
		};
		CFDEC1602C7D6AA000FDF3E4 /* Build configuration list for PBXNativeTarget "Libgenesis" */ = {
			isa = XCConfigurationList;
			buildConfigurations = (
				CFDEC1612C7D6AA000FDF3E4 /* Debug */,
				CFDEC1622C7D6AA000FDF3E4 /* Release */,
			);
			defaultConfigurationIsVisible = 0;
			defaultConfigurationName = Release;
		};
/* End XCConfigurationList section */

/* Begin XCRemoteSwiftPackageReference section */
		CFFCB4B72C89814B00996675 /* XCRemoteSwiftPackageReference "SwiftSoup" */ = {
			isa = XCRemoteSwiftPackageReference;
			repositoryURL = "https://github.com/scinfu/SwiftSoup.git";
			requirement = {
				kind = upToNextMajorVersion;
				minimumVersion = 2.0.0;
			};
		};
		CFFCB4BA2C89815B00996675 /* XCRemoteSwiftPackageReference "Kingfisher" */ = {
			isa = XCRemoteSwiftPackageReference;
			repositoryURL = "https://github.com/onevcat/Kingfisher.git";
			requirement = {
				kind = upToNextMajorVersion;
				minimumVersion = 7.0.0;
			};
		};
/* End XCRemoteSwiftPackageReference section */

/* Begin XCSwiftPackageProductDependency section */
		CFFCB4B82C89814B00996675 /* SwiftSoup */ = {
			isa = XCSwiftPackageProductDependency;
			package = CFFCB4B72C89814B00996675 /* XCRemoteSwiftPackageReference "SwiftSoup" */;
			productName = SwiftSoup;
		};
		CFFCB4BB2C89815B00996675 /* Kingfisher */ = {
			isa = XCSwiftPackageProductDependency;
			package = CFFCB4BA2C89815B00996675 /* XCRemoteSwiftPackageReference "Kingfisher" */;
			productName = Kingfisher;
		};
/* End XCSwiftPackageProductDependency section */
	};
	rootObject = CFDEC1492C7D6A9E00FDF3E4 /* Project object */;
}
