// !$*UTF8*$!
{
	archiveVersion = 1;
	classes = {
	};
	objectVersion = 56;
	objects = {

/* Begin PBXBuildFile section */
		CF06EFF82C9E1B85001EFBA0 /* TopicsEnum.swift in Sources */ = {isa = PBXBuildFile; fileRef = CF06EFF72C9E1B85001EFBA0 /* TopicsEnum.swift */; };
		CF0A15342C91F94000CB5B4A /* FilterBarView.swift in Sources */ = {isa = PBXBuildFile; fileRef = CF0A15332C91F94000CB5B4A /* FilterBarView.swift */; };
		CF0C61192C8EBA8300503879 /* MirrorPicker.swift in Sources */ = {isa = PBXBuildFile; fileRef = CF0C61182C8EBA8300503879 /* MirrorPicker.swift */; };
		CF0C611B2C8EEDA100503879 /* Credits.rtf in Resources */ = {isa = PBXBuildFile; fileRef = CF0C611A2C8EEDA100503879 /* Credits.rtf */; };
		CF0C61352C8F423A00503879 /* BookDetailsToolbar.swift in Sources */ = {isa = PBXBuildFile; fileRef = CF0C61342C8F423A00503879 /* BookDetailsToolbar.swift */; };
		CF0C61372C8F42C700503879 /* BookDisplayMode.swift in Sources */ = {isa = PBXBuildFile; fileRef = CF0C61362C8F42C700503879 /* BookDisplayMode.swift */; };
		CF0C61392C8F528500503879 /* BookmarksModel.swift in Sources */ = {isa = PBXBuildFile; fileRef = CF0C61382C8F528500503879 /* BookmarksModel.swift */; };
		CF0C613B2C8F571C00503879 /* BookmarkGallery.swift in Sources */ = {isa = PBXBuildFile; fileRef = CF0C613A2C8F571C00503879 /* BookmarkGallery.swift */; };
		CFDC37462C99C7AC00C3686F /* GoodReader.swift in Sources */ = {isa = PBXBuildFile; fileRef = CFDC37452C99C7AC00C3686F /* GoodReader.swift */; };
		CFDEC1552C7D6A9F00FDF3E4 /* LibgenesisApp.swift in Sources */ = {isa = PBXBuildFile; fileRef = CFDEC1542C7D6A9F00FDF3E4 /* LibgenesisApp.swift */; };
		CFDEC1572C7D6A9F00FDF3E4 /* ContentView.swift in Sources */ = {isa = PBXBuildFile; fileRef = CFDEC1562C7D6A9F00FDF3E4 /* ContentView.swift */; };
		CFDEC1592C7D6AA000FDF3E4 /* Assets.xcassets in Resources */ = {isa = PBXBuildFile; fileRef = CFDEC1582C7D6AA000FDF3E4 /* Assets.xcassets */; };
		CFDEC15D2C7D6AA000FDF3E4 /* Preview Assets.xcassets in Resources */ = {isa = PBXBuildFile; fileRef = CFDEC15C2C7D6AA000FDF3E4 /* Preview Assets.xcassets */; };
		CFDEC1642C7D6EB600FDF3E4 /* ServiceMirror.swift in Sources */ = {isa = PBXBuildFile; fileRef = CFDEC1632C7D6EB600FDF3E4 /* ServiceMirror.swift */; };
		CFDEC1662C7D722100FDF3E4 /* APIService.swift in Sources */ = {isa = PBXBuildFile; fileRef = CFDEC1652C7D722100FDF3E4 /* APIService.swift */; };
		CFE2977C2C8B2388007C403A /* GeneralCommands.swift in Sources */ = {isa = PBXBuildFile; fileRef = CFE2977B2C8B2388007C403A /* GeneralCommands.swift */; };
		CFE2977E2C8B31F5007C403A /* DownloadTaskModel.swift in Sources */ = {isa = PBXBuildFile; fileRef = CFE2977D2C8B31F5007C403A /* DownloadTaskModel.swift */; };
		CFE297802C8B3C5A007C403A /* SettingsView.swift in Sources */ = {isa = PBXBuildFile; fileRef = CFE2977F2C8B3C5A007C403A /* SettingsView.swift */; };
		CFE297832C8B5428007C403A /* Alamofire in Frameworks */ = {isa = PBXBuildFile; productRef = CFE297822C8B5428007C403A /* Alamofire */; };
		CFE297852C8B7AAA007C403A /* MenuBar.swift in Sources */ = {isa = PBXBuildFile; fileRef = CFE297842C8B7AAA007C403A /* MenuBar.swift */; };
		CFE602862C905F8000086F24 /* main.png in Resources */ = {isa = PBXBuildFile; fileRef = CFE602852C905F8000086F24 /* main.png */; };
		CFE602962C906B2600086F24 /* covermode.jpg in Resources */ = {isa = PBXBuildFile; fileRef = CFE602872C906B2500086F24 /* covermode.jpg */; };
		CFE602972C906B2600086F24 /* details.jpg in Resources */ = {isa = PBXBuildFile; fileRef = CFE602882C906B2500086F24 /* details.jpg */; };
		CFE602982C906B2600086F24 /* bookmark2.jpg in Resources */ = {isa = PBXBuildFile; fileRef = CFE602892C906B2500086F24 /* bookmark2.jpg */; };
		CFE602992C906B2600086F24 /* listmode.jpg in Resources */ = {isa = PBXBuildFile; fileRef = CFE6028A2C906B2500086F24 /* listmode.jpg */; };
		CFE6029A2C906B2600086F24 /* search2.jpg in Resources */ = {isa = PBXBuildFile; fileRef = CFE6028B2C906B2500086F24 /* search2.jpg */; };
		CFE6029B2C906B2600086F24 /* bookmark1.jpg in Resources */ = {isa = PBXBuildFile; fileRef = CFE6028C2C906B2500086F24 /* bookmark1.jpg */; };
		CFE6029C2C906B2600086F24 /* download1.jpg in Resources */ = {isa = PBXBuildFile; fileRef = CFE6028D2C906B2500086F24 /* download1.jpg */; };
		CFE6029D2C906B2600086F24 /* download4.jpg in Resources */ = {isa = PBXBuildFile; fileRef = CFE6028E2C906B2500086F24 /* download4.jpg */; };
		CFE6029E2C906B2600086F24 /* search3.jpg in Resources */ = {isa = PBXBuildFile; fileRef = CFE6028F2C906B2500086F24 /* search3.jpg */; };
		CFE6029F2C906B2600086F24 /* downloader.jpg in Resources */ = {isa = PBXBuildFile; fileRef = CFE602902C906B2500086F24 /* downloader.jpg */; };
		CFE602A02C906B2600086F24 /* search4.jpg in Resources */ = {isa = PBXBuildFile; fileRef = CFE602912C906B2500086F24 /* search4.jpg */; };
		CFE602A12C906B2600086F24 /* search1.jpg in Resources */ = {isa = PBXBuildFile; fileRef = CFE602922C906B2500086F24 /* search1.jpg */; };
		CFE602A22C906B2600086F24 /* bookmark3.jpg in Resources */ = {isa = PBXBuildFile; fileRef = CFE602932C906B2500086F24 /* bookmark3.jpg */; };
		CFE602A32C906B2600086F24 /* download3.jpg in Resources */ = {isa = PBXBuildFile; fileRef = CFE602942C906B2500086F24 /* download3.jpg */; };
		CFE602A42C906B2600086F24 /* download2.jpg in Resources */ = {isa = PBXBuildFile; fileRef = CFE602952C906B2600086F24 /* download2.jpg */; };
		CFE93A882C92B367008CE24A /* kepubify-arm in Resources */ = {isa = PBXBuildFile; fileRef = CFE93A872C92B367008CE24A /* kepubify-arm */; platformFilters = (macos, ); };
		CFE93A892C92B369008CE24A /* kepubify-arm in CopyFiles */ = {isa = PBXBuildFile; fileRef = CFE93A872C92B367008CE24A /* kepubify-arm */; platformFilters = (macos, ); settings = {ATTRIBUTES = (CodeSignOnCopy, ); }; };
		CFF2535A2C918497001C8144 /* Kepubify.swift in Sources */ = {isa = PBXBuildFile; fileRef = CFF253592C918497001C8144 /* Kepubify.swift */; };
		CFF2535D2C919ECE001C8144 /* kepubify-intel in Resources */ = {isa = PBXBuildFile; fileRef = CFF2535C2C919ECE001C8144 /* kepubify-intel */; platformFilters = (macos, ); };
		CFF2535F2C919F5D001C8144 /* kepubify-intel in CopyFiles */ = {isa = PBXBuildFile; fileRef = CFF2535C2C919ECE001C8144 /* kepubify-intel */; platformFilters = (macos, ); settings = {ATTRIBUTES = (CodeSignOnCopy, ); }; };
		CFF4F3232C8C338E00396BD7 /* Base.swift in Sources */ = {isa = PBXBuildFile; fileRef = CFF4F3222C8C338E00396BD7 /* Base.swift */; };
		CFF4F3252C8C478A00396BD7 /* Animations.swift in Sources */ = {isa = PBXBuildFile; fileRef = CFF4F3242C8C478A00396BD7 /* Animations.swift */; };
		CFFCB4B62C897B2600996675 /* LibgenAPI.swift in Sources */ = {isa = PBXBuildFile; fileRef = CFFCB4B52C897B2600996675 /* LibgenAPI.swift */; };
		CFFCB4B92C89814B00996675 /* SwiftSoup in Frameworks */ = {isa = PBXBuildFile; productRef = CFFCB4B82C89814B00996675 /* SwiftSoup */; };
		CFFCB4BC2C89815B00996675 /* Kingfisher in Frameworks */ = {isa = PBXBuildFile; productRef = CFFCB4BB2C89815B00996675 /* Kingfisher */; };
		CFFCB4BF2C89989D00996675 /* BookModel.swift in Sources */ = {isa = PBXBuildFile; fileRef = CFFCB4BE2C89989D00996675 /* BookModel.swift */; };
		CFFCB4C12C89A1FA00996675 /* BookDetailsView.swift in Sources */ = {isa = PBXBuildFile; fileRef = CFFCB4C02C89A1FA00996675 /* BookDetailsView.swift */; };
		CFFCB4C32C89B53200996675 /* DownloadListView.swift in Sources */ = {isa = PBXBuildFile; fileRef = CFFCB4C22C89B53200996675 /* DownloadListView.swift */; };
		CFFCB4C52C89B70700996675 /* Downloader.swift in Sources */ = {isa = PBXBuildFile; fileRef = CFFCB4C42C89B70700996675 /* Downloader.swift */; };
		CFFF123D2C8D90EB00DC4240 /* Filter.swift in Sources */ = {isa = PBXBuildFile; fileRef = CFFF123C2C8D90EB00DC4240 /* Filter.swift */; };
		CFFF123F2C8DA89B00DC4240 /* AppStorage.swift in Sources */ = {isa = PBXBuildFile; fileRef = CFFF123E2C8DA89B00DC4240 /* AppStorage.swift */; };
		CFFF12422C8DB33E00DC4240 /* BookView.swift in Sources */ = {isa = PBXBuildFile; fileRef = CFFF12412C8DB33E00DC4240 /* BookView.swift */; };
		CFFF12442C8DB35700DC4240 /* FilterView.swift in Sources */ = {isa = PBXBuildFile; fileRef = CFFF12432C8DB35700DC4240 /* FilterView.swift */; };
		CFFF12462C8DB3B400DC4240 /* BookListView.swift in Sources */ = {isa = PBXBuildFile; fileRef = CFFF12452C8DB3B400DC4240 /* BookListView.swift */; };
		CFFF12482C8DB5AB00DC4240 /* BooksViewModel.swift in Sources */ = {isa = PBXBuildFile; fileRef = CFFF12472C8DB5AB00DC4240 /* BooksViewModel.swift */; };
		CFFF124A2C8DC04600DC4240 /* ImageView.swift in Sources */ = {isa = PBXBuildFile; fileRef = CFFF12492C8DC04600DC4240 /* ImageView.swift */; };
		CFFF124C2C8DC64D00DC4240 /* SharedContextView.swift in Sources */ = {isa = PBXBuildFile; fileRef = CFFF124B2C8DC64D00DC4240 /* SharedContextView.swift */; };
/* End PBXBuildFile section */

/* Begin PBXCopyFilesBuildPhase section */
		CFF2535E2C919F48001C8144 /* CopyFiles */ = {
			isa = PBXCopyFilesBuildPhase;
			buildActionMask = 2147483647;
			dstPath = "";
			dstSubfolderSpec = 6;
			files = (
				CFF2535F2C919F5D001C8144 /* kepubify-intel in CopyFiles */,
				CFE93A892C92B369008CE24A /* kepubify-arm in CopyFiles */,
			);
			runOnlyForDeploymentPostprocessing = 0;
		};
/* End PBXCopyFilesBuildPhase section */

/* Begin PBXFileReference section */
		CF06EFF72C9E1B85001EFBA0 /* TopicsEnum.swift */ = {isa = PBXFileReference; lastKnownFileType = sourcecode.swift; path = TopicsEnum.swift; sourceTree = "<group>"; };
		CF0A15332C91F94000CB5B4A /* FilterBarView.swift */ = {isa = PBXFileReference; lastKnownFileType = sourcecode.swift; path = FilterBarView.swift; sourceTree = "<group>"; };
		CF0C04842C9B163F003B4437 /* Libgenesis.entitlements */ = {isa = PBXFileReference; lastKnownFileType = text.plist.entitlements; path = Libgenesis.entitlements; sourceTree = "<group>"; };
		CF0C61182C8EBA8300503879 /* MirrorPicker.swift */ = {isa = PBXFileReference; lastKnownFileType = sourcecode.swift; path = MirrorPicker.swift; sourceTree = "<group>"; };
		CF0C611A2C8EEDA100503879 /* Credits.rtf */ = {isa = PBXFileReference; lastKnownFileType = text.rtf; path = Credits.rtf; sourceTree = "<group>"; };
		CF0C611C2C8EEDFB00503879 /* README.md */ = {isa = PBXFileReference; lastKnownFileType = net.daringfireball.markdown; path = README.md; sourceTree = "<group>"; };
		CF0C61342C8F423A00503879 /* BookDetailsToolbar.swift */ = {isa = PBXFileReference; lastKnownFileType = sourcecode.swift; path = BookDetailsToolbar.swift; sourceTree = "<group>"; };
		CF0C61362C8F42C700503879 /* BookDisplayMode.swift */ = {isa = PBXFileReference; lastKnownFileType = sourcecode.swift; path = BookDisplayMode.swift; sourceTree = "<group>"; };
		CF0C61382C8F528500503879 /* BookmarksModel.swift */ = {isa = PBXFileReference; lastKnownFileType = sourcecode.swift; path = BookmarksModel.swift; sourceTree = "<group>"; };
		CF0C613A2C8F571C00503879 /* BookmarkGallery.swift */ = {isa = PBXFileReference; lastKnownFileType = sourcecode.swift; path = BookmarkGallery.swift; sourceTree = "<group>"; };
		CFDC37452C99C7AC00C3686F /* GoodReader.swift */ = {isa = PBXFileReference; lastKnownFileType = sourcecode.swift; path = GoodReader.swift; sourceTree = "<group>"; };
		CFDEC1512C7D6A9F00FDF3E4 /* Libgenesis.app */ = {isa = PBXFileReference; explicitFileType = wrapper.application; includeInIndex = 0; path = Libgenesis.app; sourceTree = BUILT_PRODUCTS_DIR; };
		CFDEC1542C7D6A9F00FDF3E4 /* LibgenesisApp.swift */ = {isa = PBXFileReference; lastKnownFileType = sourcecode.swift; path = LibgenesisApp.swift; sourceTree = "<group>"; };
		CFDEC1562C7D6A9F00FDF3E4 /* ContentView.swift */ = {isa = PBXFileReference; lastKnownFileType = sourcecode.swift; path = ContentView.swift; sourceTree = "<group>"; };
		CFDEC1582C7D6AA000FDF3E4 /* Assets.xcassets */ = {isa = PBXFileReference; lastKnownFileType = folder.assetcatalog; path = Assets.xcassets; sourceTree = "<group>"; };
		CFDEC15C2C7D6AA000FDF3E4 /* Preview Assets.xcassets */ = {isa = PBXFileReference; lastKnownFileType = folder.assetcatalog; path = "Preview Assets.xcassets"; sourceTree = "<group>"; };
		CFDEC1632C7D6EB600FDF3E4 /* ServiceMirror.swift */ = {isa = PBXFileReference; lastKnownFileType = sourcecode.swift; path = ServiceMirror.swift; sourceTree = "<group>"; };
		CFDEC1652C7D722100FDF3E4 /* APIService.swift */ = {isa = PBXFileReference; lastKnownFileType = sourcecode.swift; path = APIService.swift; sourceTree = "<group>"; };
		CFE297792C8A8F58007C403A /* Info.plist */ = {isa = PBXFileReference; lastKnownFileType = text.plist; path = Info.plist; sourceTree = "<group>"; };
		CFE2977B2C8B2388007C403A /* GeneralCommands.swift */ = {isa = PBXFileReference; lastKnownFileType = sourcecode.swift; path = GeneralCommands.swift; sourceTree = "<group>"; };
		CFE2977D2C8B31F5007C403A /* DownloadTaskModel.swift */ = {isa = PBXFileReference; lastKnownFileType = sourcecode.swift; path = DownloadTaskModel.swift; sourceTree = "<group>"; };
		CFE2977F2C8B3C5A007C403A /* SettingsView.swift */ = {isa = PBXFileReference; lastKnownFileType = sourcecode.swift; path = SettingsView.swift; sourceTree = "<group>"; };
		CFE297842C8B7AAA007C403A /* MenuBar.swift */ = {isa = PBXFileReference; lastKnownFileType = sourcecode.swift; path = MenuBar.swift; sourceTree = "<group>"; };
		CFE602852C905F8000086F24 /* main.png */ = {isa = PBXFileReference; lastKnownFileType = image.png; path = main.png; sourceTree = "<group>"; };
		CFE602872C906B2500086F24 /* covermode.jpg */ = {isa = PBXFileReference; lastKnownFileType = image.jpeg; path = covermode.jpg; sourceTree = "<group>"; };
		CFE602882C906B2500086F24 /* details.jpg */ = {isa = PBXFileReference; lastKnownFileType = image.jpeg; path = details.jpg; sourceTree = "<group>"; };
		CFE602892C906B2500086F24 /* bookmark2.jpg */ = {isa = PBXFileReference; lastKnownFileType = image.jpeg; path = bookmark2.jpg; sourceTree = "<group>"; };
		CFE6028A2C906B2500086F24 /* listmode.jpg */ = {isa = PBXFileReference; lastKnownFileType = image.jpeg; path = listmode.jpg; sourceTree = "<group>"; };
		CFE6028B2C906B2500086F24 /* search2.jpg */ = {isa = PBXFileReference; lastKnownFileType = image.jpeg; path = search2.jpg; sourceTree = "<group>"; };
		CFE6028C2C906B2500086F24 /* bookmark1.jpg */ = {isa = PBXFileReference; lastKnownFileType = image.jpeg; path = bookmark1.jpg; sourceTree = "<group>"; };
		CFE6028D2C906B2500086F24 /* download1.jpg */ = {isa = PBXFileReference; lastKnownFileType = image.jpeg; path = download1.jpg; sourceTree = "<group>"; };
		CFE6028E2C906B2500086F24 /* download4.jpg */ = {isa = PBXFileReference; lastKnownFileType = image.jpeg; path = download4.jpg; sourceTree = "<group>"; };
		CFE6028F2C906B2500086F24 /* search3.jpg */ = {isa = PBXFileReference; lastKnownFileType = image.jpeg; path = search3.jpg; sourceTree = "<group>"; };
		CFE602902C906B2500086F24 /* downloader.jpg */ = {isa = PBXFileReference; lastKnownFileType = image.jpeg; path = downloader.jpg; sourceTree = "<group>"; };
		CFE602912C906B2500086F24 /* search4.jpg */ = {isa = PBXFileReference; lastKnownFileType = image.jpeg; path = search4.jpg; sourceTree = "<group>"; };
		CFE602922C906B2500086F24 /* search1.jpg */ = {isa = PBXFileReference; lastKnownFileType = image.jpeg; path = search1.jpg; sourceTree = "<group>"; };
		CFE602932C906B2500086F24 /* bookmark3.jpg */ = {isa = PBXFileReference; lastKnownFileType = image.jpeg; path = bookmark3.jpg; sourceTree = "<group>"; };
		CFE602942C906B2500086F24 /* download3.jpg */ = {isa = PBXFileReference; lastKnownFileType = image.jpeg; path = download3.jpg; sourceTree = "<group>"; };
		CFE602952C906B2600086F24 /* download2.jpg */ = {isa = PBXFileReference; lastKnownFileType = image.jpeg; path = download2.jpg; sourceTree = "<group>"; };
		CFE93A872C92B367008CE24A /* kepubify-arm */ = {isa = PBXFileReference; lastKnownFileType = "compiled.mach-o.executable"; path = "kepubify-arm"; sourceTree = "<group>"; };
		CFF253592C918497001C8144 /* Kepubify.swift */ = {isa = PBXFileReference; lastKnownFileType = sourcecode.swift; path = Kepubify.swift; sourceTree = "<group>"; };
		CFF2535C2C919ECE001C8144 /* kepubify-intel */ = {isa = PBXFileReference; lastKnownFileType = "compiled.mach-o.executable"; path = "kepubify-intel"; sourceTree = "<group>"; };
		CFF4F3222C8C338E00396BD7 /* Base.swift */ = {isa = PBXFileReference; lastKnownFileType = sourcecode.swift; path = Base.swift; sourceTree = "<group>"; };
		CFF4F3242C8C478A00396BD7 /* Animations.swift */ = {isa = PBXFileReference; lastKnownFileType = sourcecode.swift; path = Animations.swift; sourceTree = "<group>"; };
		CFFCB4B52C897B2600996675 /* LibgenAPI.swift */ = {isa = PBXFileReference; lastKnownFileType = sourcecode.swift; path = LibgenAPI.swift; sourceTree = "<group>"; };
		CFFCB4BE2C89989D00996675 /* BookModel.swift */ = {isa = PBXFileReference; lastKnownFileType = sourcecode.swift; path = BookModel.swift; sourceTree = "<group>"; };
		CFFCB4C02C89A1FA00996675 /* BookDetailsView.swift */ = {isa = PBXFileReference; lastKnownFileType = sourcecode.swift; path = BookDetailsView.swift; sourceTree = "<group>"; };
		CFFCB4C22C89B53200996675 /* DownloadListView.swift */ = {isa = PBXFileReference; lastKnownFileType = sourcecode.swift; path = DownloadListView.swift; sourceTree = "<group>"; };
		CFFCB4C42C89B70700996675 /* Downloader.swift */ = {isa = PBXFileReference; lastKnownFileType = sourcecode.swift; path = Downloader.swift; sourceTree = "<group>"; };
		CFFF123C2C8D90EB00DC4240 /* Filter.swift */ = {isa = PBXFileReference; lastKnownFileType = sourcecode.swift; path = Filter.swift; sourceTree = "<group>"; };
		CFFF123E2C8DA89B00DC4240 /* AppStorage.swift */ = {isa = PBXFileReference; lastKnownFileType = sourcecode.swift; path = AppStorage.swift; sourceTree = "<group>"; };
		CFFF12412C8DB33E00DC4240 /* BookView.swift */ = {isa = PBXFileReference; lastKnownFileType = sourcecode.swift; path = BookView.swift; sourceTree = "<group>"; };
		CFFF12432C8DB35700DC4240 /* FilterView.swift */ = {isa = PBXFileReference; lastKnownFileType = sourcecode.swift; path = FilterView.swift; sourceTree = "<group>"; };
		CFFF12452C8DB3B400DC4240 /* BookListView.swift */ = {isa = PBXFileReference; lastKnownFileType = sourcecode.swift; path = BookListView.swift; sourceTree = "<group>"; };
		CFFF12472C8DB5AB00DC4240 /* BooksViewModel.swift */ = {isa = PBXFileReference; lastKnownFileType = sourcecode.swift; path = BooksViewModel.swift; sourceTree = "<group>"; };
		CFFF12492C8DC04600DC4240 /* ImageView.swift */ = {isa = PBXFileReference; lastKnownFileType = sourcecode.swift; path = ImageView.swift; sourceTree = "<group>"; };
		CFFF124B2C8DC64D00DC4240 /* SharedContextView.swift */ = {isa = PBXFileReference; lastKnownFileType = sourcecode.swift; path = SharedContextView.swift; sourceTree = "<group>"; };
/* End PBXFileReference section */

/* Begin PBXFrameworksBuildPhase section */
		CFDEC14E2C7D6A9F00FDF3E4 /* Frameworks */ = {
			isa = PBXFrameworksBuildPhase;
			buildActionMask = 2147483647;
			files = (
				CFE297832C8B5428007C403A /* Alamofire in Frameworks */,
				CFFCB4BC2C89815B00996675 /* Kingfisher in Frameworks */,
				CFFCB4B92C89814B00996675 /* SwiftSoup in Frameworks */,
			);
			runOnlyForDeploymentPostprocessing = 0;
		};
/* End PBXFrameworksBuildPhase section */

/* Begin PBXGroup section */
		CF0C611D2C8EEF3600503879 /* resources */ = {
			isa = PBXGroup;
			children = (
				CFE6028C2C906B2500086F24 /* bookmark1.jpg */,
				CFE602892C906B2500086F24 /* bookmark2.jpg */,
				CFE602932C906B2500086F24 /* bookmark3.jpg */,
				CFE602872C906B2500086F24 /* covermode.jpg */,
				CFE602882C906B2500086F24 /* details.jpg */,
				CFE6028D2C906B2500086F24 /* download1.jpg */,
				CFE602952C906B2600086F24 /* download2.jpg */,
				CFE602942C906B2500086F24 /* download3.jpg */,
				CFE6028E2C906B2500086F24 /* download4.jpg */,
				CFE602902C906B2500086F24 /* downloader.jpg */,
				CFE6028A2C906B2500086F24 /* listmode.jpg */,
				CFE602922C906B2500086F24 /* search1.jpg */,
				CFE6028B2C906B2500086F24 /* search2.jpg */,
				CFE6028F2C906B2500086F24 /* search3.jpg */,
				CFE602912C906B2500086F24 /* search4.jpg */,
				CFE602852C905F8000086F24 /* main.png */,
			);
			path = resources;
			sourceTree = "<group>";
		};
		CF0C61332C8F421700503879 /* Toolbar */ = {
			isa = PBXGroup;
			children = (
				CF0C61342C8F423A00503879 /* BookDetailsToolbar.swift */,
				CF0C61182C8EBA8300503879 /* MirrorPicker.swift */,
				CFFF12432C8DB35700DC4240 /* FilterView.swift */,
			);
			path = Toolbar;
			sourceTree = "<group>";
		};
		CFDEC1482C7D6A9E00FDF3E4 = {
			isa = PBXGroup;
			children = (
				CF0C611D2C8EEF3600503879 /* resources */,
				CF0C611C2C8EEDFB00503879 /* README.md */,
				CFDEC1532C7D6A9F00FDF3E4 /* Libgenesis */,
				CFDEC1522C7D6A9F00FDF3E4 /* Products */,
			);
			sourceTree = "<group>";
		};
		CFDEC1522C7D6A9F00FDF3E4 /* Products */ = {
			isa = PBXGroup;
			children = (
				CFDEC1512C7D6A9F00FDF3E4 /* Libgenesis.app */,
			);
			name = Products;
			sourceTree = "<group>";
		};
		CFDEC1532C7D6A9F00FDF3E4 /* Libgenesis */ = {
			isa = PBXGroup;
			children = (
				CFF253582C91847F001C8144 /* Integrations */,
				CFFF124D2C8DCED700DC4240 /* Service */,
				CFFF12402C8DB32A00DC4240 /* Views */,
				CFF4F3212C8C337E00396BD7 /* Extension */,
				CFE2977A2C8B2363007C403A /* Commands */,
				CFFCB4BD2C89988D00996675 /* Models */,
				CFDEC1542C7D6A9F00FDF3E4 /* LibgenesisApp.swift */,
				CFDEC1562C7D6A9F00FDF3E4 /* ContentView.swift */,
				CFE297792C8A8F58007C403A /* Info.plist */,
				CF0C04842C9B163F003B4437 /* Libgenesis.entitlements */,
				CFDEC1582C7D6AA000FDF3E4 /* Assets.xcassets */,
				CFDEC15B2C7D6AA000FDF3E4 /* Preview Content */,
				CF0C611A2C8EEDA100503879 /* Credits.rtf */,
			);
			path = Libgenesis;
			sourceTree = "<group>";
		};
		CFDEC15B2C7D6AA000FDF3E4 /* Preview Content */ = {
			isa = PBXGroup;
			children = (
				CFDEC15C2C7D6AA000FDF3E4 /* Preview Assets.xcassets */,
			);
			path = "Preview Content";
			sourceTree = "<group>";
		};
		CFE2977A2C8B2363007C403A /* Commands */ = {
			isa = PBXGroup;
			children = (
				CFE2977B2C8B2388007C403A /* GeneralCommands.swift */,
			);
			path = Commands;
			sourceTree = "<group>";
		};
		CFE602802C9048F100086F24 /* Book */ = {
			isa = PBXGroup;
			children = (
				CFFF12452C8DB3B400DC4240 /* BookListView.swift */,
				CFFF12412C8DB33E00DC4240 /* BookView.swift */,
				CFFCB4C02C89A1FA00996675 /* BookDetailsView.swift */,
				CF0A15332C91F94000CB5B4A /* FilterBarView.swift */,
			);
			path = Book;
			sourceTree = "<group>";
		};
		CFE602822C90494200086F24 /* Context */ = {
			isa = PBXGroup;
			children = (
				CFFF124B2C8DC64D00DC4240 /* SharedContextView.swift */,
			);
			path = Context;
			sourceTree = "<group>";
		};
		CFE602832C90496B00086F24 /* Bookmark */ = {
			isa = PBXGroup;
			children = (
				CF0C613A2C8F571C00503879 /* BookmarkGallery.swift */,
			);
			path = Bookmark;
			sourceTree = "<group>";
		};
		CFE602842C90497E00086F24 /* Download */ = {
			isa = PBXGroup;
			children = (
				CFFCB4C22C89B53200996675 /* DownloadListView.swift */,
			);
			path = Download;
			sourceTree = "<group>";
		};
		CFF253582C91847F001C8144 /* Integrations */ = {
			isa = PBXGroup;
			children = (
				CFF2535B2C919E98001C8144 /* binaries */,
				CFF253592C918497001C8144 /* Kepubify.swift */,
			);
			path = Integrations;
			sourceTree = "<group>";
		};
		CFF2535B2C919E98001C8144 /* binaries */ = {
			isa = PBXGroup;
			children = (
				CFF2535C2C919ECE001C8144 /* kepubify-intel */,
				CFE93A872C92B367008CE24A /* kepubify-arm */,
			);
			path = binaries;
			sourceTree = "<group>";
		};
		CFF4F3212C8C337E00396BD7 /* Extension */ = {
			isa = PBXGroup;
			children = (
				CFF4F3222C8C338E00396BD7 /* Base.swift */,
				CFFF123E2C8DA89B00DC4240 /* AppStorage.swift */,
			);
			path = Extension;
			sourceTree = "<group>";
		};
		CFFCB4BD2C89988D00996675 /* Models */ = {
			isa = PBXGroup;
			children = (
				CFFF123C2C8D90EB00DC4240 /* Filter.swift */,
				CFDEC1632C7D6EB600FDF3E4 /* ServiceMirror.swift */,
				CFFCB4BE2C89989D00996675 /* BookModel.swift */,
				CFFCB4C42C89B70700996675 /* Downloader.swift */,
				CFE2977D2C8B31F5007C403A /* DownloadTaskModel.swift */,
				CFFF12472C8DB5AB00DC4240 /* BooksViewModel.swift */,
				CF0C61362C8F42C700503879 /* BookDisplayMode.swift */,
				CF0C61382C8F528500503879 /* BookmarksModel.swift */,
				CF06EFF72C9E1B85001EFBA0 /* TopicsEnum.swift */,
			);
			path = Models;
			sourceTree = "<group>";
		};
		CFFF12402C8DB32A00DC4240 /* Views */ = {
			isa = PBXGroup;
			children = (
				CFE602842C90497E00086F24 /* Download */,
				CFE602832C90496B00086F24 /* Bookmark */,
				CFE602822C90494200086F24 /* Context */,
				CFE602802C9048F100086F24 /* Book */,
				CF0C61332C8F421700503879 /* Toolbar */,
				CFFF12492C8DC04600DC4240 /* ImageView.swift */,
				CFE2977F2C8B3C5A007C403A /* SettingsView.swift */,
				CFF4F3242C8C478A00396BD7 /* Animations.swift */,
				CFE297842C8B7AAA007C403A /* MenuBar.swift */,
			);
			path = Views;
			sourceTree = "<group>";
		};
		CFFF124D2C8DCED700DC4240 /* Service */ = {
			isa = PBXGroup;
			children = (
				CFDEC1652C7D722100FDF3E4 /* APIService.swift */,
				CFFCB4B52C897B2600996675 /* LibgenAPI.swift */,
				CFDC37452C99C7AC00C3686F /* GoodReader.swift */,
			);
			path = Service;
			sourceTree = "<group>";
		};
/* End PBXGroup section */

/* Begin PBXNativeTarget section */
		CFDEC1502C7D6A9F00FDF3E4 /* Libgenesis */ = {
			isa = PBXNativeTarget;
			buildConfigurationList = CFDEC1602C7D6AA000FDF3E4 /* Build configuration list for PBXNativeTarget "Libgenesis" */;
			buildPhases = (
				CFDEC14D2C7D6A9F00FDF3E4 /* Sources */,
				CFDEC14E2C7D6A9F00FDF3E4 /* Frameworks */,
				CFDEC14F2C7D6A9F00FDF3E4 /* Resources */,
				CFF2535E2C919F48001C8144 /* CopyFiles */,
			);
			buildRules = (
			);
			dependencies = (
			);
			name = Libgenesis;
			packageProductDependencies = (
				CFFCB4B82C89814B00996675 /* SwiftSoup */,
				CFFCB4BB2C89815B00996675 /* Kingfisher */,
				CFE297822C8B5428007C403A /* Alamofire */,
			);
			productName = Libgenesis;
			productReference = CFDEC1512C7D6A9F00FDF3E4 /* Libgenesis.app */;
			productType = "com.apple.product-type.application";
		};
/* End PBXNativeTarget section */

/* Begin PBXProject section */
		CFDEC1492C7D6A9E00FDF3E4 /* Project object */ = {
			isa = PBXProject;
			attributes = {
				BuildIndependentTargetsInParallel = 1;
				LastSwiftUpdateCheck = 1430;
				LastUpgradeCheck = 1430;
				TargetAttributes = {
					CFDEC1502C7D6A9F00FDF3E4 = {
						CreatedOnToolsVersion = 14.3.1;
					};
				};
			};
			buildConfigurationList = CFDEC14C2C7D6A9E00FDF3E4 /* Build configuration list for PBXProject "Libgenesis" */;
			compatibilityVersion = "Xcode 14.0";
			developmentRegion = en;
			hasScannedForEncodings = 0;
			knownRegions = (
				en,
				Base,
			);
			mainGroup = CFDEC1482C7D6A9E00FDF3E4;
			packageReferences = (
				CFFCB4B72C89814B00996675 /* XCRemoteSwiftPackageReference "SwiftSoup" */,
				CFFCB4BA2C89815B00996675 /* XCRemoteSwiftPackageReference "Kingfisher" */,
				CFE297812C8B5428007C403A /* XCRemoteSwiftPackageReference "Alamofire" */,
			);
			productRefGroup = CFDEC1522C7D6A9F00FDF3E4 /* Products */;
			projectDirPath = "";
			projectRoot = "";
			targets = (
				CFDEC1502C7D6A9F00FDF3E4 /* Libgenesis */,
			);
		};
/* End PBXProject section */

/* Begin PBXResourcesBuildPhase section */
		CFDEC14F2C7D6A9F00FDF3E4 /* Resources */ = {
			isa = PBXResourcesBuildPhase;
			buildActionMask = 2147483647;
			files = (
				CFE602A42C906B2600086F24 /* download2.jpg in Resources */,
				CFE602A22C906B2600086F24 /* bookmark3.jpg in Resources */,
				CFE602972C906B2600086F24 /* details.jpg in Resources */,
				CFE602A12C906B2600086F24 /* search1.jpg in Resources */,
				CFE6029B2C906B2600086F24 /* bookmark1.jpg in Resources */,
				CFE602862C905F8000086F24 /* main.png in Resources */,
				CFE602A32C906B2600086F24 /* download3.jpg in Resources */,
				CFDEC15D2C7D6AA000FDF3E4 /* Preview Assets.xcassets in Resources */,
				CFE602982C906B2600086F24 /* bookmark2.jpg in Resources */,
				CFE6029E2C906B2600086F24 /* search3.jpg in Resources */,
				CFE602992C906B2600086F24 /* listmode.jpg in Resources */,
				CFF2535D2C919ECE001C8144 /* kepubify-intel in Resources */,
				CF0C611B2C8EEDA100503879 /* Credits.rtf in Resources */,
				CFE6029A2C906B2600086F24 /* search2.jpg in Resources */,
				CFE93A882C92B367008CE24A /* kepubify-arm in Resources */,
				CFE6029D2C906B2600086F24 /* download4.jpg in Resources */,
				CFE6029C2C906B2600086F24 /* download1.jpg in Resources */,
				CFE602962C906B2600086F24 /* covermode.jpg in Resources */,
				CFE602A02C906B2600086F24 /* search4.jpg in Resources */,
				CFE6029F2C906B2600086F24 /* downloader.jpg in Resources */,
				CFDEC1592C7D6AA000FDF3E4 /* Assets.xcassets in Resources */,
			);
			runOnlyForDeploymentPostprocessing = 0;
		};
/* End PBXResourcesBuildPhase section */

/* Begin PBXSourcesBuildPhase section */
		CFDEC14D2C7D6A9F00FDF3E4 /* Sources */ = {
			isa = PBXSourcesBuildPhase;
			buildActionMask = 2147483647;
			files = (
				CFFF123F2C8DA89B00DC4240 /* AppStorage.swift in Sources */,
				CFE2977E2C8B31F5007C403A /* DownloadTaskModel.swift in Sources */,
				CF0C613B2C8F571C00503879 /* BookmarkGallery.swift in Sources */,
				CFFCB4C32C89B53200996675 /* DownloadListView.swift in Sources */,
				CF0A15342C91F94000CB5B4A /* FilterBarView.swift in Sources */,
				CFFCB4BF2C89989D00996675 /* BookModel.swift in Sources */,
				CFFF124A2C8DC04600DC4240 /* ImageView.swift in Sources */,
				CFDC37462C99C7AC00C3686F /* GoodReader.swift in Sources */,
				CFFCB4C12C89A1FA00996675 /* BookDetailsView.swift in Sources */,
				CFDEC1572C7D6A9F00FDF3E4 /* ContentView.swift in Sources */,
				CFE2977C2C8B2388007C403A /* GeneralCommands.swift in Sources */,
				CFFF12462C8DB3B400DC4240 /* BookListView.swift in Sources */,
				CFE297852C8B7AAA007C403A /* MenuBar.swift in Sources */,
				CFE297802C8B3C5A007C403A /* SettingsView.swift in Sources */,
				CFFF12482C8DB5AB00DC4240 /* BooksViewModel.swift in Sources */,
				CF0C61192C8EBA8300503879 /* MirrorPicker.swift in Sources */,
				CF0C61392C8F528500503879 /* BookmarksModel.swift in Sources */,
				CFFF12422C8DB33E00DC4240 /* BookView.swift in Sources */,
				CFFCB4B62C897B2600996675 /* LibgenAPI.swift in Sources */,
				CFFCB4C52C89B70700996675 /* Downloader.swift in Sources */,
				CFDEC1552C7D6A9F00FDF3E4 /* LibgenesisApp.swift in Sources */,
				CF0C61372C8F42C700503879 /* BookDisplayMode.swift in Sources */,
				CFFF124C2C8DC64D00DC4240 /* SharedContextView.swift in Sources */,
				CFF4F3252C8C478A00396BD7 /* Animations.swift in Sources */,
				CFDEC1662C7D722100FDF3E4 /* APIService.swift in Sources */,
				CF06EFF82C9E1B85001EFBA0 /* TopicsEnum.swift in Sources */,
				CFFF123D2C8D90EB00DC4240 /* Filter.swift in Sources */,
				CFFF12442C8DB35700DC4240 /* FilterView.swift in Sources */,
				CF0C61352C8F423A00503879 /* BookDetailsToolbar.swift in Sources */,
				CFF2535A2C918497001C8144 /* Kepubify.swift in Sources */,
				CFF4F3232C8C338E00396BD7 /* Base.swift in Sources */,
				CFDEC1642C7D6EB600FDF3E4 /* ServiceMirror.swift in Sources */,
			);
			runOnlyForDeploymentPostprocessing = 0;
		};
/* End PBXSourcesBuildPhase section */

/* Begin XCBuildConfiguration section */
		CFDEC15E2C7D6AA000FDF3E4 /* Debug */ = {
			isa = XCBuildConfiguration;
			buildSettings = {
				ALLOW_TARGET_PLATFORM_SPECIALIZATION = YES;
				ALWAYS_SEARCH_USER_PATHS = NO;
				CLANG_ANALYZER_NONNULL = YES;
				CLANG_ANALYZER_NUMBER_OBJECT_CONVERSION = YES_AGGRESSIVE;
				CLANG_CXX_LANGUAGE_STANDARD = "gnu++20";
				CLANG_ENABLE_MODULES = YES;
				CLANG_ENABLE_OBJC_ARC = YES;
				CLANG_ENABLE_OBJC_WEAK = YES;
				CLANG_WARN_BLOCK_CAPTURE_AUTORELEASING = YES;
				CLANG_WARN_BOOL_CONVERSION = YES;
				CLANG_WARN_COMMA = YES;
				CLANG_WARN_CONSTANT_CONVERSION = YES;
				CLANG_WARN_DEPRECATED_OBJC_IMPLEMENTATIONS = YES;
				CLANG_WARN_DIRECT_OBJC_ISA_USAGE = YES_ERROR;
				CLANG_WARN_DOCUMENTATION_COMMENTS = YES;
				CLANG_WARN_EMPTY_BODY = YES;
				CLANG_WARN_ENUM_CONVERSION = YES;
				CLANG_WARN_INFINITE_RECURSION = YES;
				CLANG_WARN_INT_CONVERSION = YES;
				CLANG_WARN_NON_LITERAL_NULL_CONVERSION = YES;
				CLANG_WARN_OBJC_IMPLICIT_RETAIN_SELF = YES;
				CLANG_WARN_OBJC_LITERAL_CONVERSION = YES;
				CLANG_WARN_OBJC_ROOT_CLASS = YES_ERROR;
				CLANG_WARN_QUOTED_INCLUDE_IN_FRAMEWORK_HEADER = YES;
				CLANG_WARN_RANGE_LOOP_ANALYSIS = YES;
				CLANG_WARN_STRICT_PROTOTYPES = YES;
				CLANG_WARN_SUSPICIOUS_MOVE = YES;
				CLANG_WARN_UNGUARDED_AVAILABILITY = YES_AGGRESSIVE;
				CLANG_WARN_UNREACHABLE_CODE = YES;
				CLANG_WARN__DUPLICATE_METHOD_MATCH = YES;
				CODE_SIGN_IDENTITY = "Apple Development";
				COPY_PHASE_STRIP = NO;
				DEBUG_INFORMATION_FORMAT = dwarf;
				DEVELOPMENT_TEAM = GY29NY469M;
				ENABLE_STRICT_OBJC_MSGSEND = YES;
				ENABLE_TESTABILITY = YES;
				GCC_C_LANGUAGE_STANDARD = gnu11;
				GCC_DYNAMIC_NO_PIC = NO;
				GCC_NO_COMMON_BLOCKS = YES;
				GCC_OPTIMIZATION_LEVEL = 0;
				GCC_PREPROCESSOR_DEFINITIONS = (
					"DEBUG=1",
					"$(inherited)",
				);
				GCC_WARN_64_TO_32_BIT_CONVERSION = YES;
				GCC_WARN_ABOUT_RETURN_TYPE = YES_ERROR;
				GCC_WARN_UNDECLARED_SELECTOR = YES;
				GCC_WARN_UNINITIALIZED_AUTOS = YES_AGGRESSIVE;
				GCC_WARN_UNUSED_FUNCTION = YES;
				GCC_WARN_UNUSED_VARIABLE = YES;
				IPHONEOS_DEPLOYMENT_TARGET = 16.0;
				MTL_ENABLE_DEBUG_INFO = INCLUDE_SOURCE;
				MTL_FAST_MATH = YES;
				ONLY_ACTIVE_ARCH = YES;
				SUPPORTED_PLATFORMS = "watchsimulator watchos macosx iphonesimulator iphoneos driverkit appletvsimulator appletvos";
				SUPPORTS_MACCATALYST = YES;
				SWIFT_ACTIVE_COMPILATION_CONDITIONS = DEBUG;
				SWIFT_OPTIMIZATION_LEVEL = "-Onone";
			};
			name = Debug;
		};
		CFDEC15F2C7D6AA000FDF3E4 /* Release */ = {
			isa = XCBuildConfiguration;
			buildSettings = {
				ALLOW_TARGET_PLATFORM_SPECIALIZATION = YES;
				ALWAYS_SEARCH_USER_PATHS = NO;
				CLANG_ANALYZER_NONNULL = YES;
				CLANG_ANALYZER_NUMBER_OBJECT_CONVERSION = YES_AGGRESSIVE;
				CLANG_CXX_LANGUAGE_STANDARD = "gnu++20";
				CLANG_ENABLE_MODULES = YES;
				CLANG_ENABLE_OBJC_ARC = YES;
				CLANG_ENABLE_OBJC_WEAK = YES;
				CLANG_WARN_BLOCK_CAPTURE_AUTORELEASING = YES;
				CLANG_WARN_BOOL_CONVERSION = YES;
				CLANG_WARN_COMMA = YES;
				CLANG_WARN_CONSTANT_CONVERSION = YES;
				CLANG_WARN_DEPRECATED_OBJC_IMPLEMENTATIONS = YES;
				CLANG_WARN_DIRECT_OBJC_ISA_USAGE = YES_ERROR;
				CLANG_WARN_DOCUMENTATION_COMMENTS = YES;
				CLANG_WARN_EMPTY_BODY = YES;
				CLANG_WARN_ENUM_CONVERSION = YES;
				CLANG_WARN_INFINITE_RECURSION = YES;
				CLANG_WARN_INT_CONVERSION = YES;
				CLANG_WARN_NON_LITERAL_NULL_CONVERSION = YES;
				CLANG_WARN_OBJC_IMPLICIT_RETAIN_SELF = YES;
				CLANG_WARN_OBJC_LITERAL_CONVERSION = YES;
				CLANG_WARN_OBJC_ROOT_CLASS = YES_ERROR;
				CLANG_WARN_QUOTED_INCLUDE_IN_FRAMEWORK_HEADER = YES;
				CLANG_WARN_RANGE_LOOP_ANALYSIS = YES;
				CLANG_WARN_STRICT_PROTOTYPES = YES;
				CLANG_WARN_SUSPICIOUS_MOVE = YES;
				CLANG_WARN_UNGUARDED_AVAILABILITY = YES_AGGRESSIVE;
				CLANG_WARN_UNREACHABLE_CODE = YES;
				CLANG_WARN__DUPLICATE_METHOD_MATCH = YES;
				CODE_SIGN_IDENTITY = "Apple Development";
				COPY_PHASE_STRIP = NO;
				DEBUG_INFORMATION_FORMAT = "dwarf-with-dsym";
				DEVELOPMENT_TEAM = GY29NY469M;
				ENABLE_NS_ASSERTIONS = NO;
				ENABLE_STRICT_OBJC_MSGSEND = YES;
				GCC_C_LANGUAGE_STANDARD = gnu11;
				GCC_NO_COMMON_BLOCKS = YES;
				GCC_WARN_64_TO_32_BIT_CONVERSION = YES;
				GCC_WARN_ABOUT_RETURN_TYPE = YES_ERROR;
				GCC_WARN_UNDECLARED_SELECTOR = YES;
				GCC_WARN_UNINITIALIZED_AUTOS = YES_AGGRESSIVE;
				GCC_WARN_UNUSED_FUNCTION = YES;
				GCC_WARN_UNUSED_VARIABLE = YES;
				IPHONEOS_DEPLOYMENT_TARGET = 16.0;
				MTL_ENABLE_DEBUG_INFO = NO;
				MTL_FAST_MATH = YES;
				SUPPORTED_PLATFORMS = "watchsimulator watchos macosx iphonesimulator iphoneos driverkit appletvsimulator appletvos";
				SUPPORTS_MACCATALYST = YES;
				SWIFT_COMPILATION_MODE = wholemodule;
				SWIFT_OPTIMIZATION_LEVEL = "-O";
			};
			name = Release;
		};
		CFDEC1612C7D6AA000FDF3E4 /* Debug */ = {
			isa = XCBuildConfiguration;
			buildSettings = {
				ALLOW_TARGET_PLATFORM_SPECIALIZATION = YES;
				ASSETCATALOG_COMPILER_APPICON_NAME = AppIcon;
				ASSETCATALOG_COMPILER_GLOBAL_ACCENT_COLOR_NAME = AccentColor;
				CODE_SIGN_ENTITLEMENTS = Libgenesis/Libgenesis.entitlements;
				"CODE_SIGN_IDENTITY[sdk=macosx*]" = "Apple Development";
				CODE_SIGN_STYLE = Automatic;
				CURRENT_PROJECT_VERSION = 1;
				DEVELOPMENT_ASSET_PATHS = "\"Libgenesis/Preview Content\"";
				DEVELOPMENT_TEAM = GY29NY469M;
				ENABLE_HARDENED_RUNTIME = YES;
				ENABLE_PREVIEWS = YES;
				GENERATE_INFOPLIST_FILE = YES;
				INFOPLIST_FILE = Libgenesis/Info.plist;
				INFOPLIST_KEY_LSApplicationCategoryType = "public.app-category.books";
				"INFOPLIST_KEY_UIApplicationSceneManifest_Generation[sdk=iphoneos*]" = YES;
				"INFOPLIST_KEY_UIApplicationSceneManifest_Generation[sdk=iphonesimulator*]" = YES;
				"INFOPLIST_KEY_UIApplicationSupportsIndirectInputEvents[sdk=iphoneos*]" = YES;
				"INFOPLIST_KEY_UIApplicationSupportsIndirectInputEvents[sdk=iphonesimulator*]" = YES;
				"INFOPLIST_KEY_UILaunchScreen_Generation[sdk=iphoneos*]" = YES;
				"INFOPLIST_KEY_UILaunchScreen_Generation[sdk=iphonesimulator*]" = YES;
				"INFOPLIST_KEY_UIStatusBarStyle[sdk=iphoneos*]" = UIStatusBarStyleDefault;
				"INFOPLIST_KEY_UIStatusBarStyle[sdk=iphonesimulator*]" = UIStatusBarStyleDefault;
				INFOPLIST_KEY_UISupportedInterfaceOrientations_iPad = "UIInterfaceOrientationPortrait UIInterfaceOrientationPortraitUpsideDown UIInterfaceOrientationLandscapeLeft UIInterfaceOrientationLandscapeRight";
				INFOPLIST_KEY_UISupportedInterfaceOrientations_iPhone = "UIInterfaceOrientationPortrait UIInterfaceOrientationLandscapeLeft UIInterfaceOrientationLandscapeRight";
				IPHONEOS_DEPLOYMENT_TARGET = 16.4;
				LD_RUNPATH_SEARCH_PATHS = "@executable_path/Frameworks";
				"LD_RUNPATH_SEARCH_PATHS[sdk=macosx*]" = "@executable_path/../Frameworks";
				MACOSX_DEPLOYMENT_TARGET = 13.3;
				MARKETING_VERSION = 1.0;
				PRODUCT_BUNDLE_IDENTIFIER = Paramecium.Libgenesis;
				PRODUCT_NAME = "$(TARGET_NAME)";
				SDKROOT = auto;
				SUPPORTED_PLATFORMS = "watchsimulator watchos macosx iphonesimulator iphoneos driverkit appletvsimulator appletvos";
				SUPPORTS_MACCATALYST = YES;
				SWIFT_EMIT_LOC_STRINGS = YES;
				SWIFT_VERSION = 5.0;
				TARGETED_DEVICE_FAMILY = "1,2";
			};
			name = Debug;
		};
		CFDEC1622C7D6AA000FDF3E4 /* Release */ = {
			isa = XCBuildConfiguration;
			buildSettings = {
				ALLOW_TARGET_PLATFORM_SPECIALIZATION = YES;
				ASSETCATALOG_COMPILER_APPICON_NAME = AppIcon;
				ASSETCATALOG_COMPILER_GLOBAL_ACCENT_COLOR_NAME = AccentColor;
				CODE_SIGN_ENTITLEMENTS = Libgenesis/Libgenesis.entitlements;
				"CODE_SIGN_IDENTITY[sdk=macosx*]" = "Apple Development";
				CODE_SIGN_STYLE = Automatic;
				CURRENT_PROJECT_VERSION = 1;
				DEVELOPMENT_ASSET_PATHS = "\"Libgenesis/Preview Content\"";
				DEVELOPMENT_TEAM = GY29NY469M;
				ENABLE_HARDENED_RUNTIME = YES;
				ENABLE_PREVIEWS = YES;
				GENERATE_INFOPLIST_FILE = YES;
				INFOPLIST_FILE = Libgenesis/Info.plist;
				INFOPLIST_KEY_LSApplicationCategoryType = "public.app-category.books";
				"INFOPLIST_KEY_UIApplicationSceneManifest_Generation[sdk=iphoneos*]" = YES;
				"INFOPLIST_KEY_UIApplicationSceneManifest_Generation[sdk=iphonesimulator*]" = YES;
				"INFOPLIST_KEY_UIApplicationSupportsIndirectInputEvents[sdk=iphoneos*]" = YES;
				"INFOPLIST_KEY_UIApplicationSupportsIndirectInputEvents[sdk=iphonesimulator*]" = YES;
				"INFOPLIST_KEY_UILaunchScreen_Generation[sdk=iphoneos*]" = YES;
				"INFOPLIST_KEY_UILaunchScreen_Generation[sdk=iphonesimulator*]" = YES;
				"INFOPLIST_KEY_UIStatusBarStyle[sdk=iphoneos*]" = UIStatusBarStyleDefault;
				"INFOPLIST_KEY_UIStatusBarStyle[sdk=iphonesimulator*]" = UIStatusBarStyleDefault;
				INFOPLIST_KEY_UISupportedInterfaceOrientations_iPad = "UIInterfaceOrientationPortrait UIInterfaceOrientationPortraitUpsideDown UIInterfaceOrientationLandscapeLeft UIInterfaceOrientationLandscapeRight";
				INFOPLIST_KEY_UISupportedInterfaceOrientations_iPhone = "UIInterfaceOrientationPortrait UIInterfaceOrientationLandscapeLeft UIInterfaceOrientationLandscapeRight";
				IPHONEOS_DEPLOYMENT_TARGET = 16.4;
				LD_RUNPATH_SEARCH_PATHS = "@executable_path/Frameworks";
				"LD_RUNPATH_SEARCH_PATHS[sdk=macosx*]" = "@executable_path/../Frameworks";
				MACOSX_DEPLOYMENT_TARGET = 13.3;
				MARKETING_VERSION = 1.0;
				PRODUCT_BUNDLE_IDENTIFIER = Paramecium.Libgenesis;
				PRODUCT_NAME = "$(TARGET_NAME)";
				SDKROOT = auto;
				SUPPORTED_PLATFORMS = "watchsimulator watchos macosx iphonesimulator iphoneos driverkit appletvsimulator appletvos";
				SUPPORTS_MACCATALYST = YES;
				SWIFT_EMIT_LOC_STRINGS = YES;
				SWIFT_VERSION = 5.0;
				TARGETED_DEVICE_FAMILY = "1,2";
			};
			name = Release;
		};
/* End XCBuildConfiguration section */

/* Begin XCConfigurationList section */
		CFDEC14C2C7D6A9E00FDF3E4 /* Build configuration list for PBXProject "Libgenesis" */ = {
			isa = XCConfigurationList;
			buildConfigurations = (
				CFDEC15E2C7D6AA000FDF3E4 /* Debug */,
				CFDEC15F2C7D6AA000FDF3E4 /* Release */,
			);
			defaultConfigurationIsVisible = 0;
			defaultConfigurationName = Release;
		};
		CFDEC1602C7D6AA000FDF3E4 /* Build configuration list for PBXNativeTarget "Libgenesis" */ = {
			isa = XCConfigurationList;
			buildConfigurations = (
				CFDEC1612C7D6AA000FDF3E4 /* Debug */,
				CFDEC1622C7D6AA000FDF3E4 /* Release */,
			);
			defaultConfigurationIsVisible = 0;
			defaultConfigurationName = Release;
		};
/* End XCConfigurationList section */

/* Begin XCRemoteSwiftPackageReference section */
		CFE297812C8B5428007C403A /* XCRemoteSwiftPackageReference "Alamofire" */ = {
			isa = XCRemoteSwiftPackageReference;
			repositoryURL = "https://github.com/Alamofire/Alamofire.git";
			requirement = {
				kind = upToNextMajorVersion;
				minimumVersion = 5.0.0;
			};
		};
		CFFCB4B72C89814B00996675 /* XCRemoteSwiftPackageReference "SwiftSoup" */ = {
			isa = XCRemoteSwiftPackageReference;
			repositoryURL = "https://github.com/scinfu/SwiftSoup.git";
			requirement = {
				kind = upToNextMajorVersion;
				minimumVersion = 2.0.0;
			};
		};
		CFFCB4BA2C89815B00996675 /* XCRemoteSwiftPackageReference "Kingfisher" */ = {
			isa = XCRemoteSwiftPackageReference;
			repositoryURL = "https://github.com/onevcat/Kingfisher.git";
			requirement = {
				kind = upToNextMajorVersion;
				minimumVersion = 7.0.0;
			};
		};
/* End XCRemoteSwiftPackageReference section */

/* Begin XCSwiftPackageProductDependency section */
		CFE297822C8B5428007C403A /* Alamofire */ = {
			isa = XCSwiftPackageProductDependency;
			package = CFE297812C8B5428007C403A /* XCRemoteSwiftPackageReference "Alamofire" */;
			productName = Alamofire;
		};
		CFFCB4B82C89814B00996675 /* SwiftSoup */ = {
			isa = XCSwiftPackageProductDependency;
			package = CFFCB4B72C89814B00996675 /* XCRemoteSwiftPackageReference "SwiftSoup" */;
			productName = SwiftSoup;
		};
		CFFCB4BB2C89815B00996675 /* Kingfisher */ = {
			isa = XCSwiftPackageProductDependency;
			package = CFFCB4BA2C89815B00996675 /* XCRemoteSwiftPackageReference "Kingfisher" */;
			productName = Kingfisher;
		};
/* End XCSwiftPackageProductDependency section */
	};
	rootObject = CFDEC1492C7D6A9E00FDF3E4 /* Project object */;
}
